
Microsoft Visual Studio Solution File, Format Version 12.00
# Visual Studio Version 16
VisualStudioVersion = 16.0.32126.315
MinimumVisualStudioVersion = 10.0.40219.1
Project("{9A19103F-16F7-4668-BE54-9A1E7A4F7556}") = "web", "web\web.csproj", "{09A5973E-3DD9-476C-B011-AD1CEA95E5E4}"
EndProject
Project("{FAE04EC0-301F-11D3-BF4B-00C04F79EFBC}") = "core", "core\core.csproj", "{D53416FA-6105-4C27-86C3-3610C558D993}"
EndProject
Project("{FAE04EC0-301F-11D3-BF4B-00C04F79EFBC}") = "infrastructure", "infrastructure\infrastructure.csproj", "{2817B108-92C4-44D7-A3D8-F801F8B5F0D8}"
EndProject
Global
	GlobalSection(SolutionConfigurationPlatforms) = preSolution
		Debug|Any CPU = Debug|Any CPU
		Release|Any CPU = Release|Any CPU
	EndGlobalSection
	GlobalSection(ProjectConfigurationPlatforms) = postSolution
		{09A5973E-3DD9-476C-B011-AD1CEA95E5E4}.Debug|Any CPU.ActiveCfg = Debug|Any CPU
		{09A5973E-3DD9-476C-B011-AD1CEA95E5E4}.Debug|Any CPU.Build.0 = Debug|Any CPU
		{09A5973E-3DD9-476C-B011-AD1CEA95E5E4}.Release|Any CPU.ActiveCfg = Release|Any CPU
		{09A5973E-3DD9-476C-B011-AD1CEA95E5E4}.Release|Any CPU.Build.0 = Release|Any CPU
		{D53416FA-6105-4C27-86C3-3610C558D993}.Debug|Any CPU.ActiveCfg = Debug|Any CPU
		{D53416FA-6105-4C27-86C3-3610C558D993}.Debug|Any CPU.Build.0 = Debug|Any CPU
		{D53416FA-6105-4C27-86C3-3610C558D993}.Release|Any CPU.ActiveCfg = Release|Any CPU
		{D53416FA-6105-4C27-86C3-3610C558D993}.Release|Any CPU.Build.0 = Release|Any CPU
		{2817B108-92C4-44D7-A3D8-F801F8B5F0D8}.Debug|Any CPU.ActiveCfg = Debug|Any CPU
		{2817B108-92C4-44D7-A3D8-F801F8B5F0D8}.Debug|Any CPU.Build.0 = Debug|Any CPU
		{2817B108-92C4-44D7-A3D8-F801F8B5F0D8}.Release|Any CPU.ActiveCfg = Release|Any CPU
		{2817B108-92C4-44D7-A3D8-F801F8B5F0D8}.Release|Any CPU.Build.0 = Release|Any CPU
	EndGlobalSection
	GlobalSection(SolutionProperties) = preSolution
		HideSolutionNode = FALSE
	EndGlobalSection
	GlobalSection(ExtensibilityGlobals) = postSolution
		SolutionGuid = {6EC687E2-C289-43F7-A5A3-4E693BE41FD6}
	EndGlobalSection
EndGlobal
